
Microsoft Visual Studio Solution File, Format Version 10.00
# Visual C# Express 2008
Project("{FAE04EC0-301F-11D3-BF4B-00C04F79EFBC}") = "OpenSimWatcher", "WinOpenSimWatcher\OpenSimWatcher.csproj", "{5E68E93A-4E44-4D76-BD4E-E5EA1F409451}"
EndProject
Global
	GlobalSection(SolutionConfigurationPlatforms) = preSolution
		Debug|Any CPU = Debug|Any CPU
		Debug|x64 = Debug|x64
		Release|Any CPU = Release|Any CPU
		Release|x64 = Release|x64
	EndGlobalSection
	GlobalSection(ProjectConfigurationPlatforms) = postSolution
		{5E68E93A-4E44-4D76-BD4E-E5EA1F409451}.Debug|Any CPU.ActiveCfg = Debug|Any CPU
		{5E68E93A-4E44-4D76-BD4E-E5EA1F409451}.Debug|Any CPU.Build.0 = Debug|Any CPU
		{5E68E93A-4E44-4D76-BD4E-E5EA1F409451}.Debug|x64.ActiveCfg = Debug|x64
		{5E68E93A-4E44-4D76-BD4E-E5EA1F409451}.Debug|x64.Build.0 = Debug|x64
		{5E68E93A-4E44-4D76-BD4E-E5EA1F409451}.Release|Any CPU.ActiveCfg = Release|Any CPU
		{5E68E93A-4E44-4D76-BD4E-E5EA1F409451}.Release|Any CPU.Build.0 = Release|Any CPU
		{5E68E93A-4E44-4D76-BD4E-E5EA1F409451}.Release|x64.ActiveCfg = Release|x64
		{5E68E93A-4E44-4D76-BD4E-E5EA1F409451}.Release|x64.Build.0 = Release|x64
	EndGlobalSection
	GlobalSection(SolutionProperties) = preSolution
		HideSolutionNode = FALSE
	EndGlobalSection
EndGlobal
